
Microsoft Visual Studio Solution File, Format Version 12.00
# Visual Studio Version 17
VisualStudioVersion = 17.9.34622.214
MinimumVisualStudioVersion = 10.0.40219.1
Project("{9A19103F-16F7-4668-BE54-9A1E7A4F7556}") = "LMWDev", "LMWDev\LMWDev.csproj", "{A06F689C-189E-46DD-A924-8020EE623F58}"
EndProject
Project("{9A19103F-16F7-4668-BE54-9A1E7A4F7556}") = "Infrastructure", "Infrastructure\Infrastructure.csproj", "{6895A2A5-A1AC-43E3-940E-E606E53F2728}"
EndProject
Project("{9A19103F-16F7-4668-BE54-9A1E7A4F7556}") = "UIFactory", "UIFactory\UIFactory.csproj", "{A3305CD7-36BA-4FD0-92D2-506E873B3C5A}"
EndProject
Project("{2150E333-8FDC-42A3-9474-1A3956D46DE8}") = "InfrastructureProjects", "InfrastructureProjects", "{71EE5324-EBEB-4940-900C-1C9E895A3294}"
EndProject
Project("{2150E333-8FDC-42A3-9474-1A3956D46DE8}") = "ApplicationProjects", "ApplicationProjects", "{054C86A5-12EA-49D4-BBBA-EB780916C7A3}"
EndProject
Project("{2150E333-8FDC-42A3-9474-1A3956D46DE8}") = "UIFactoryProjects", "UIFactoryProjects", "{19E6A52D-45C9-453A-B717-C1A0A0A701FA}"
EndProject
Project("{2150E333-8FDC-42A3-9474-1A3956D46DE8}") = "SEOProjects", "SEOProjects", "{02FBAD8D-FCE0-4915-A825-DD9410A89301}"
EndProject
Project("{9A19103F-16F7-4668-BE54-9A1E7A4F7556}") = "SEO", "SEO\SEO.csproj", "{EABE61B3-6141-4309-8FEE-1B486F7E83F2}"
EndProject
Project("{FAE04EC0-301F-11D3-BF4B-00C04F79EFBC}") = "InfrastructureTests", "InfrastructureTests\InfrastructureTests.csproj", "{DB5601A0-DC3C-4A0A-AC34-AA01C882E1BF}"
EndProject
Global
	GlobalSection(SolutionConfigurationPlatforms) = preSolution
		Debug|Any CPU = Debug|Any CPU
		Release|Any CPU = Release|Any CPU
	EndGlobalSection
	GlobalSection(ProjectConfigurationPlatforms) = postSolution
		{A06F689C-189E-46DD-A924-8020EE623F58}.Debug|Any CPU.ActiveCfg = Debug|Any CPU
		{A06F689C-189E-46DD-A924-8020EE623F58}.Debug|Any CPU.Build.0 = Debug|Any CPU
		{A06F689C-189E-46DD-A924-8020EE623F58}.Release|Any CPU.ActiveCfg = Release|Any CPU
		{A06F689C-189E-46DD-A924-8020EE623F58}.Release|Any CPU.Build.0 = Release|Any CPU
		{6895A2A5-A1AC-43E3-940E-E606E53F2728}.Debug|Any CPU.ActiveCfg = Debug|Any CPU
		{6895A2A5-A1AC-43E3-940E-E606E53F2728}.Debug|Any CPU.Build.0 = Debug|Any CPU
		{6895A2A5-A1AC-43E3-940E-E606E53F2728}.Release|Any CPU.ActiveCfg = Release|Any CPU
		{6895A2A5-A1AC-43E3-940E-E606E53F2728}.Release|Any CPU.Build.0 = Release|Any CPU
		{A3305CD7-36BA-4FD0-92D2-506E873B3C5A}.Debug|Any CPU.ActiveCfg = Debug|Any CPU
		{A3305CD7-36BA-4FD0-92D2-506E873B3C5A}.Debug|Any CPU.Build.0 = Debug|Any CPU
		{A3305CD7-36BA-4FD0-92D2-506E873B3C5A}.Release|Any CPU.ActiveCfg = Release|Any CPU
		{A3305CD7-36BA-4FD0-92D2-506E873B3C5A}.Release|Any CPU.Build.0 = Release|Any CPU
		{EABE61B3-6141-4309-8FEE-1B486F7E83F2}.Debug|Any CPU.ActiveCfg = Debug|Any CPU
		{EABE61B3-6141-4309-8FEE-1B486F7E83F2}.Debug|Any CPU.Build.0 = Debug|Any CPU
		{EABE61B3-6141-4309-8FEE-1B486F7E83F2}.Release|Any CPU.ActiveCfg = Release|Any CPU
		{EABE61B3-6141-4309-8FEE-1B486F7E83F2}.Release|Any CPU.Build.0 = Release|Any CPU
		{DB5601A0-DC3C-4A0A-AC34-AA01C882E1BF}.Debug|Any CPU.ActiveCfg = Debug|Any CPU
		{DB5601A0-DC3C-4A0A-AC34-AA01C882E1BF}.Debug|Any CPU.Build.0 = Debug|Any CPU
		{DB5601A0-DC3C-4A0A-AC34-AA01C882E1BF}.Release|Any CPU.ActiveCfg = Release|Any CPU
		{DB5601A0-DC3C-4A0A-AC34-AA01C882E1BF}.Release|Any CPU.Build.0 = Release|Any CPU
	EndGlobalSection
	GlobalSection(SolutionProperties) = preSolution
		HideSolutionNode = FALSE
	EndGlobalSection
	GlobalSection(NestedProjects) = preSolution
		{A06F689C-189E-46DD-A924-8020EE623F58} = {054C86A5-12EA-49D4-BBBA-EB780916C7A3}
		{6895A2A5-A1AC-43E3-940E-E606E53F2728} = {71EE5324-EBEB-4940-900C-1C9E895A3294}
		{A3305CD7-36BA-4FD0-92D2-506E873B3C5A} = {19E6A52D-45C9-453A-B717-C1A0A0A701FA}
		{EABE61B3-6141-4309-8FEE-1B486F7E83F2} = {02FBAD8D-FCE0-4915-A825-DD9410A89301}
		{DB5601A0-DC3C-4A0A-AC34-AA01C882E1BF} = {71EE5324-EBEB-4940-900C-1C9E895A3294}
	EndGlobalSection
	GlobalSection(ExtensibilityGlobals) = postSolution
		SolutionGuid = {3328E80D-68B4-4CFC-8520-892E666B82C7}
	EndGlobalSection
EndGlobal
