
Microsoft Visual Studio Solution File, Format Version 12.00
# Visual Studio Version 17
VisualStudioVersion = 17.9.34622.214
MinimumVisualStudioVersion = 10.0.40219.1
Project("{9A19103F-16F7-4668-BE54-9A1E7A4F7556}") = "LMWDev", "LMWDev\LMWDev.csproj", "{A06F689C-189E-46DD-A924-8020EE623F58}"
EndProject
Project("{2150E333-8FDC-42A3-9474-1A3956D46DE8}") = "Infrastructure", "Infrastructure", "{90874FAB-49DE-44C9-85AB-5576620781BC}"
EndProject
Project("{2150E333-8FDC-42A3-9474-1A3956D46DE8}") = "Pages", "Pages", "{0CA66A16-7042-405E-9B78-A9E9418A28EE}"
EndProject
Project("{2150E333-8FDC-42A3-9474-1A3956D46DE8}") = "Pages", "Pages", "{C00073EE-6407-431C-8AB7-AC05FD7A5D53}"
EndProject
Project("{9A19103F-16F7-4668-BE54-9A1E7A4F7556}") = "Page_Library", "Page_Library\Page_Library.csproj", "{DE70EEDF-F7A0-4046-AB26-8599AFCE6A87}"
EndProject
Project("{9A19103F-16F7-4668-BE54-9A1E7A4F7556}") = "Page_Library_Tests", "Page_Library_Tests\Page_Library_Tests.csproj", "{C1643262-7FBF-4616-AEB7-CF8599A3CF0B}"
EndProject
Project("{2150E333-8FDC-42A3-9474-1A3956D46DE8}") = "UI", "UI", "{355E2A12-8C00-4D04-BDE9-9946084ECA33}"
EndProject
Project("{9A19103F-16F7-4668-BE54-9A1E7A4F7556}") = "LWMDev_UI_Tests", "LWMDev_UI_Tests\LWMDev_UI_Tests.csproj", "{42C8FDAC-3011-4735-B6D6-B6072CB7C025}"
EndProject
Project("{9A19103F-16F7-4668-BE54-9A1E7A4F7556}") = "LMWDev_Test", "LMWDev_Test\LMWDev_Test.csproj", "{4D24F2E0-0794-47A0-96AE-778AD63611E6}"
EndProject
Global
	GlobalSection(SolutionConfigurationPlatforms) = preSolution
		Debug|Any CPU = Debug|Any CPU
		Release|Any CPU = Release|Any CPU
	EndGlobalSection
	GlobalSection(ProjectConfigurationPlatforms) = postSolution
		{A06F689C-189E-46DD-A924-8020EE623F58}.Debug|Any CPU.ActiveCfg = Debug|Any CPU
		{A06F689C-189E-46DD-A924-8020EE623F58}.Debug|Any CPU.Build.0 = Debug|Any CPU
		{A06F689C-189E-46DD-A924-8020EE623F58}.Release|Any CPU.ActiveCfg = Release|Any CPU
		{A06F689C-189E-46DD-A924-8020EE623F58}.Release|Any CPU.Build.0 = Release|Any CPU
		{DE70EEDF-F7A0-4046-AB26-8599AFCE6A87}.Debug|Any CPU.ActiveCfg = Debug|Any CPU
		{DE70EEDF-F7A0-4046-AB26-8599AFCE6A87}.Debug|Any CPU.Build.0 = Debug|Any CPU
		{DE70EEDF-F7A0-4046-AB26-8599AFCE6A87}.Release|Any CPU.ActiveCfg = Release|Any CPU
		{DE70EEDF-F7A0-4046-AB26-8599AFCE6A87}.Release|Any CPU.Build.0 = Release|Any CPU
		{C1643262-7FBF-4616-AEB7-CF8599A3CF0B}.Debug|Any CPU.ActiveCfg = Debug|Any CPU
		{C1643262-7FBF-4616-AEB7-CF8599A3CF0B}.Debug|Any CPU.Build.0 = Debug|Any CPU
		{C1643262-7FBF-4616-AEB7-CF8599A3CF0B}.Release|Any CPU.ActiveCfg = Release|Any CPU
		{C1643262-7FBF-4616-AEB7-CF8599A3CF0B}.Release|Any CPU.Build.0 = Release|Any CPU
		{42C8FDAC-3011-4735-B6D6-B6072CB7C025}.Debug|Any CPU.ActiveCfg = Debug|Any CPU
		{42C8FDAC-3011-4735-B6D6-B6072CB7C025}.Debug|Any CPU.Build.0 = Debug|Any CPU
		{42C8FDAC-3011-4735-B6D6-B6072CB7C025}.Release|Any CPU.ActiveCfg = Release|Any CPU
		{42C8FDAC-3011-4735-B6D6-B6072CB7C025}.Release|Any CPU.Build.0 = Release|Any CPU
		{4D24F2E0-0794-47A0-96AE-778AD63611E6}.Debug|Any CPU.ActiveCfg = Debug|Any CPU
		{4D24F2E0-0794-47A0-96AE-778AD63611E6}.Debug|Any CPU.Build.0 = Debug|Any CPU
		{4D24F2E0-0794-47A0-96AE-778AD63611E6}.Release|Any CPU.ActiveCfg = Release|Any CPU
		{4D24F2E0-0794-47A0-96AE-778AD63611E6}.Release|Any CPU.Build.0 = Release|Any CPU
	EndGlobalSection
	GlobalSection(SolutionProperties) = preSolution
		HideSolutionNode = FALSE
	EndGlobalSection
	GlobalSection(NestedProjects) = preSolution
		{A06F689C-189E-46DD-A924-8020EE623F58} = {355E2A12-8C00-4D04-BDE9-9946084ECA33}
		{0CA66A16-7042-405E-9B78-A9E9418A28EE} = {90874FAB-49DE-44C9-85AB-5576620781BC}
		{C00073EE-6407-431C-8AB7-AC05FD7A5D53} = {0CA66A16-7042-405E-9B78-A9E9418A28EE}
		{DE70EEDF-F7A0-4046-AB26-8599AFCE6A87} = {C00073EE-6407-431C-8AB7-AC05FD7A5D53}
		{C1643262-7FBF-4616-AEB7-CF8599A3CF0B} = {C00073EE-6407-431C-8AB7-AC05FD7A5D53}
		{42C8FDAC-3011-4735-B6D6-B6072CB7C025} = {355E2A12-8C00-4D04-BDE9-9946084ECA33}
		{4D24F2E0-0794-47A0-96AE-778AD63611E6} = {355E2A12-8C00-4D04-BDE9-9946084ECA33}
	EndGlobalSection
	GlobalSection(ExtensibilityGlobals) = postSolution
		SolutionGuid = {3328E80D-68B4-4CFC-8520-892E666B82C7}
	EndGlobalSection
EndGlobal
